// !$*UTF8*$!
{
	archiveVersion = 1;
	classes = {
	};
	objectVersion = 56;
	objects = {

/* Begin PBXBuildFile section */
		952A87EC292BC3FB003655F5 /* AddTaskViewModel.swift in Sources */ = {isa = PBXBuildFile; fileRef = 952A87EB292BC3FB003655F5 /* AddTaskViewModel.swift */; };
		952A87EE292D196C003655F5 /* TaskDetailViewController.swift in Sources */ = {isa = PBXBuildFile; fileRef = 952A87ED292D196C003655F5 /* TaskDetailViewController.swift */; };
		952A87F0292D1979003655F5 /* TaskDetailView.swift in Sources */ = {isa = PBXBuildFile; fileRef = 952A87EF292D1979003655F5 /* TaskDetailView.swift */; };
		953CF867291EA89B00936429 /* AppDelegate.swift in Sources */ = {isa = PBXBuildFile; fileRef = 953CF866291EA89B00936429 /* AppDelegate.swift */; };
		953CF869291EA89B00936429 /* SceneDelegate.swift in Sources */ = {isa = PBXBuildFile; fileRef = 953CF868291EA89B00936429 /* SceneDelegate.swift */; };
		953CF871291EA89B00936429 /* TodoListApp.xcdatamodeld in Sources */ = {isa = PBXBuildFile; fileRef = 953CF86F291EA89B00936429 /* TodoListApp.xcdatamodeld */; };
		953CF873291EA89D00936429 /* Assets.xcassets in Resources */ = {isa = PBXBuildFile; fileRef = 953CF872291EA89D00936429 /* Assets.xcassets */; };
		953CF876291EA89D00936429 /* LaunchScreen.storyboard in Resources */ = {isa = PBXBuildFile; fileRef = 953CF874291EA89D00936429 /* LaunchScreen.storyboard */; };
		953CF884291EAD1E00936429 /* TaskListViewController.swift in Sources */ = {isa = PBXBuildFile; fileRef = 953CF883291EAD1E00936429 /* TaskListViewController.swift */; };
		953CF887291EADA400936429 /* ViewCode.swift in Sources */ = {isa = PBXBuildFile; fileRef = 953CF886291EADA400936429 /* ViewCode.swift */; };
		953CF889291EBC7800936429 /* SceneViewController.swift in Sources */ = {isa = PBXBuildFile; fileRef = 953CF888291EBC7800936429 /* SceneViewController.swift */; };
		953CF88B291EBD2000936429 /* UIViewCode.swift in Sources */ = {isa = PBXBuildFile; fileRef = 953CF88A291EBD2000936429 /* UIViewCode.swift */; };
		953CF88D291EBF6900936429 /* TaskListView.swift in Sources */ = {isa = PBXBuildFile; fileRef = 953CF88C291EBF6900936429 /* TaskListView.swift */; };
		953CF890291EC0D200936429 /* RxCocoa in Frameworks */ = {isa = PBXBuildFile; productRef = 953CF88F291EC0D200936429 /* RxCocoa */; };
		953CF892291EC0D200936429 /* RxRelay in Frameworks */ = {isa = PBXBuildFile; productRef = 953CF891291EC0D200936429 /* RxRelay */; };
		953CF894291EC0D200936429 /* RxSwift in Frameworks */ = {isa = PBXBuildFile; productRef = 953CF893291EC0D200936429 /* RxSwift */; };
		953CF896291EC2CC00936429 /* Coordinator.swift in Sources */ = {isa = PBXBuildFile; fileRef = 953CF895291EC2CC00936429 /* Coordinator.swift */; };
		953CF898291EC2FC00936429 /* TaskCoordinator.swift in Sources */ = {isa = PBXBuildFile; fileRef = 953CF897291EC2FC00936429 /* TaskCoordinator.swift */; };
		953CF89A291EC40900936429 /* AppCoordinator.swift in Sources */ = {isa = PBXBuildFile; fileRef = 953CF899291EC40900936429 /* AppCoordinator.swift */; };
		953CF89C291EC90200936429 /* TaskCell.swift in Sources */ = {isa = PBXBuildFile; fileRef = 953CF89B291EC90200936429 /* TaskCell.swift */; };
		959390122926AA9300A5FB3E /* AddTaskViewController.swift in Sources */ = {isa = PBXBuildFile; fileRef = 959390112926AA9300A5FB3E /* AddTaskViewController.swift */; };
		959390142926AAC900A5FB3E /* AddTaskView.swift in Sources */ = {isa = PBXBuildFile; fileRef = 959390132926AAC900A5FB3E /* AddTaskView.swift */; };
		95A621D32927BF400013EA73 /* TaskService.swift in Sources */ = {isa = PBXBuildFile; fileRef = 95A621D22927BF400013EA73 /* TaskService.swift */; };
		95A621D62927BF930013EA73 /* Task.swift in Sources */ = {isa = PBXBuildFile; fileRef = 95A621D52927BF930013EA73 /* Task.swift */; };
		95A621D92927C6CE0013EA73 /* ApplicationErrors.swift in Sources */ = {isa = PBXBuildFile; fileRef = 95A621D82927C6CE0013EA73 /* ApplicationErrors.swift */; };
		95A621DB2927CCE30013EA73 /* TaskListViewModel.swift in Sources */ = {isa = PBXBuildFile; fileRef = 95A621DA2927CCE30013EA73 /* TaskListViewModel.swift */; };
		95A621DD2927D1710013EA73 /* ErrorView.swift in Sources */ = {isa = PBXBuildFile; fileRef = 95A621DC2927D1710013EA73 /* ErrorView.swift */; };
		95A621DF2927D4200013EA73 /* ViewStates.swift in Sources */ = {isa = PBXBuildFile; fileRef = 95A621DE2927D4200013EA73 /* ViewStates.swift */; };
		95F993AF291EDE7900F06C54 /* RxDataSources in Frameworks */ = {isa = PBXBuildFile; productRef = 95F993AE291EDE7900F06C54 /* RxDataSources */; };
		95F993B42920060C00F06C54 /* SnapKit in Frameworks */ = {isa = PBXBuildFile; productRef = 95F993B32920060C00F06C54 /* SnapKit */; };
/* End PBXBuildFile section */

/* Begin PBXFileReference section */
		952A87EA292BC13E003655F5 /* MyPlayground.playground */ = {isa = PBXFileReference; lastKnownFileType = file.playground; path = MyPlayground.playground; sourceTree = "<group>"; xcLanguageSpecificationIdentifier = xcode.lang.swift; };
		952A87EB292BC3FB003655F5 /* AddTaskViewModel.swift */ = {isa = PBXFileReference; lastKnownFileType = sourcecode.swift; path = AddTaskViewModel.swift; sourceTree = "<group>"; };
		952A87ED292D196C003655F5 /* TaskDetailViewController.swift */ = {isa = PBXFileReference; lastKnownFileType = sourcecode.swift; path = TaskDetailViewController.swift; sourceTree = "<group>"; };
		952A87EF292D1979003655F5 /* TaskDetailView.swift */ = {isa = PBXFileReference; lastKnownFileType = sourcecode.swift; path = TaskDetailView.swift; sourceTree = "<group>"; };
		953CF863291EA89B00936429 /* Main.app */ = {isa = PBXFileReference; explicitFileType = wrapper.application; includeInIndex = 0; path = Main.app; sourceTree = BUILT_PRODUCTS_DIR; };
		953CF866291EA89B00936429 /* AppDelegate.swift */ = {isa = PBXFileReference; lastKnownFileType = sourcecode.swift; path = AppDelegate.swift; sourceTree = "<group>"; };
		953CF868291EA89B00936429 /* SceneDelegate.swift */ = {isa = PBXFileReference; lastKnownFileType = sourcecode.swift; path = SceneDelegate.swift; sourceTree = "<group>"; };
		953CF870291EA89B00936429 /* TodoListApp.xcdatamodel */ = {isa = PBXFileReference; lastKnownFileType = wrapper.xcdatamodel; path = TodoListApp.xcdatamodel; sourceTree = "<group>"; };
		953CF872291EA89D00936429 /* Assets.xcassets */ = {isa = PBXFileReference; lastKnownFileType = folder.assetcatalog; path = Assets.xcassets; sourceTree = "<group>"; };
		953CF875291EA89D00936429 /* Base */ = {isa = PBXFileReference; lastKnownFileType = file.storyboard; name = Base; path = Base.lproj/LaunchScreen.storyboard; sourceTree = "<group>"; };
		953CF877291EA89D00936429 /* Info.plist */ = {isa = PBXFileReference; lastKnownFileType = text.plist.xml; path = Info.plist; sourceTree = "<group>"; };
		953CF883291EAD1E00936429 /* TaskListViewController.swift */ = {isa = PBXFileReference; lastKnownFileType = sourcecode.swift; path = TaskListViewController.swift; sourceTree = "<group>"; };
		953CF886291EADA400936429 /* ViewCode.swift */ = {isa = PBXFileReference; lastKnownFileType = sourcecode.swift; path = ViewCode.swift; sourceTree = "<group>"; };
		953CF888291EBC7800936429 /* SceneViewController.swift */ = {isa = PBXFileReference; lastKnownFileType = sourcecode.swift; path = SceneViewController.swift; sourceTree = "<group>"; };
		953CF88A291EBD2000936429 /* UIViewCode.swift */ = {isa = PBXFileReference; lastKnownFileType = sourcecode.swift; path = UIViewCode.swift; sourceTree = "<group>"; };
		953CF88C291EBF6900936429 /* TaskListView.swift */ = {isa = PBXFileReference; lastKnownFileType = sourcecode.swift; path = TaskListView.swift; sourceTree = "<group>"; };
		953CF895291EC2CC00936429 /* Coordinator.swift */ = {isa = PBXFileReference; lastKnownFileType = sourcecode.swift; path = Coordinator.swift; sourceTree = "<group>"; };
		953CF897291EC2FC00936429 /* TaskCoordinator.swift */ = {isa = PBXFileReference; lastKnownFileType = sourcecode.swift; path = TaskCoordinator.swift; sourceTree = "<group>"; };
		953CF899291EC40900936429 /* AppCoordinator.swift */ = {isa = PBXFileReference; lastKnownFileType = sourcecode.swift; path = AppCoordinator.swift; sourceTree = "<group>"; };
		953CF89B291EC90200936429 /* TaskCell.swift */ = {isa = PBXFileReference; lastKnownFileType = sourcecode.swift; path = TaskCell.swift; sourceTree = "<group>"; };
		959390112926AA9300A5FB3E /* AddTaskViewController.swift */ = {isa = PBXFileReference; lastKnownFileType = sourcecode.swift; path = AddTaskViewController.swift; sourceTree = "<group>"; };
		959390132926AAC900A5FB3E /* AddTaskView.swift */ = {isa = PBXFileReference; lastKnownFileType = sourcecode.swift; path = AddTaskView.swift; sourceTree = "<group>"; };
		95A621D22927BF400013EA73 /* TaskService.swift */ = {isa = PBXFileReference; lastKnownFileType = sourcecode.swift; path = TaskService.swift; sourceTree = "<group>"; };
		95A621D52927BF930013EA73 /* Task.swift */ = {isa = PBXFileReference; lastKnownFileType = sourcecode.swift; path = Task.swift; sourceTree = "<group>"; };
		95A621D82927C6CE0013EA73 /* ApplicationErrors.swift */ = {isa = PBXFileReference; lastKnownFileType = sourcecode.swift; path = ApplicationErrors.swift; sourceTree = "<group>"; };
		95A621DA2927CCE30013EA73 /* TaskListViewModel.swift */ = {isa = PBXFileReference; lastKnownFileType = sourcecode.swift; path = TaskListViewModel.swift; sourceTree = "<group>"; };
		95A621DC2927D1710013EA73 /* ErrorView.swift */ = {isa = PBXFileReference; lastKnownFileType = sourcecode.swift; path = ErrorView.swift; sourceTree = "<group>"; };
		95A621DE2927D4200013EA73 /* ViewStates.swift */ = {isa = PBXFileReference; lastKnownFileType = sourcecode.swift; path = ViewStates.swift; sourceTree = "<group>"; };
/* End PBXFileReference section */

/* Begin PBXFrameworksBuildPhase section */
		953CF860291EA89B00936429 /* Frameworks */ = {
			isa = PBXFrameworksBuildPhase;
			buildActionMask = 2147483647;
			files = (
				953CF894291EC0D200936429 /* RxSwift in Frameworks */,
				95F993AF291EDE7900F06C54 /* RxDataSources in Frameworks */,
				953CF892291EC0D200936429 /* RxRelay in Frameworks */,
				953CF890291EC0D200936429 /* RxCocoa in Frameworks */,
				95F993B42920060C00F06C54 /* SnapKit in Frameworks */,
			);
			runOnlyForDeploymentPostprocessing = 0;
		};
/* End PBXFrameworksBuildPhase section */

/* Begin PBXGroup section */
		953CF85A291EA89B00936429 = {
			isa = PBXGroup;
			children = (
				952A87EA292BC13E003655F5 /* MyPlayground.playground */,
				953CF865291EA89B00936429 /* Main */,
				953CF864291EA89B00936429 /* Products */,
			);
			sourceTree = "<group>";
		};
		953CF864291EA89B00936429 /* Products */ = {
			isa = PBXGroup;
			children = (
				953CF863291EA89B00936429 /* Main.app */,
			);
			name = Products;
			sourceTree = "<group>";
		};
		953CF865291EA89B00936429 /* Main */ = {
			isa = PBXGroup;
			children = (
				953CF87F291EAA1400936429 /* Application */,
				95A621D42927BF8B0013EA73 /* Model */,
				95A621D02927BF260013EA73 /* Data */,
				953CF87D291EA9F000936429 /* Scenes */,
				953CF87E291EA9FB00936429 /* ProjectFiles */,
			);
			path = Main;
			sourceTree = "<group>";
		};
		953CF87D291EA9F000936429 /* Scenes */ = {
			isa = PBXGroup;
			children = (
				953CF885291EAD9800936429 /* Common */,
				953CF880291EAA7200936429 /* Tasks */,
			);
			path = Scenes;
			sourceTree = "<group>";
		};
		953CF87E291EA9FB00936429 /* ProjectFiles */ = {
			isa = PBXGroup;
			children = (
				953CF872291EA89D00936429 /* Assets.xcassets */,
				953CF874291EA89D00936429 /* LaunchScreen.storyboard */,
				953CF877291EA89D00936429 /* Info.plist */,
				953CF86F291EA89B00936429 /* TodoListApp.xcdatamodeld */,
			);
			name = ProjectFiles;
			sourceTree = "<group>";
		};
		953CF87F291EAA1400936429 /* Application */ = {
			isa = PBXGroup;
			children = (
				953CF866291EA89B00936429 /* AppDelegate.swift */,
				953CF868291EA89B00936429 /* SceneDelegate.swift */,
				953CF895291EC2CC00936429 /* Coordinator.swift */,
				953CF899291EC40900936429 /* AppCoordinator.swift */,
			);
			path = Application;
			sourceTree = "<group>";
		};
		953CF880291EAA7200936429 /* Tasks */ = {
			isa = PBXGroup;
			children = (
				959390102926AA6400A5FB3E /* Add */,
				95F993B729200B5600F06C54 /* Detail */,
				95F993B629200B5000F06C54 /* List */,
				953CF897291EC2FC00936429 /* TaskCoordinator.swift */,
			);
			path = Tasks;
			sourceTree = "<group>";
		};
		953CF885291EAD9800936429 /* Common */ = {
			isa = PBXGroup;
			children = (
				953CF886291EADA400936429 /* ViewCode.swift */,
				953CF888291EBC7800936429 /* SceneViewController.swift */,
				953CF88A291EBD2000936429 /* UIViewCode.swift */,
				95A621DC2927D1710013EA73 /* ErrorView.swift */,
				95A621DE2927D4200013EA73 /* ViewStates.swift */,
			);
			path = Common;
			sourceTree = "<group>";
		};
		959390102926AA6400A5FB3E /* Add */ = {
			isa = PBXGroup;
			children = (
				959390112926AA9300A5FB3E /* AddTaskViewController.swift */,
				959390132926AAC900A5FB3E /* AddTaskView.swift */,
				952A87EB292BC3FB003655F5 /* AddTaskViewModel.swift */,
			);
			path = Add;
			sourceTree = "<group>";
		};
		95A621D02927BF260013EA73 /* Data */ = {
			isa = PBXGroup;
			children = (
				95A621D12927BF2E0013EA73 /* Repository */,
				95A621D82927C6CE0013EA73 /* ApplicationErrors.swift */,
			);
			path = Data;
			sourceTree = "<group>";
		};
		95A621D12927BF2E0013EA73 /* Repository */ = {
			isa = PBXGroup;
			children = (
				95A621D22927BF400013EA73 /* TaskService.swift */,
			);
			path = Repository;
			sourceTree = "<group>";
		};
		95A621D42927BF8B0013EA73 /* Model */ = {
			isa = PBXGroup;
			children = (
				95A621D52927BF930013EA73 /* Task.swift */,
			);
			path = Model;
			sourceTree = "<group>";
		};
		95F993B629200B5000F06C54 /* List */ = {
			isa = PBXGroup;
			children = (
				953CF883291EAD1E00936429 /* TaskListViewController.swift */,
				953CF88C291EBF6900936429 /* TaskListView.swift */,
				953CF89B291EC90200936429 /* TaskCell.swift */,
				95A621DA2927CCE30013EA73 /* TaskListViewModel.swift */,
			);
			path = List;
			sourceTree = "<group>";
		};
		95F993B729200B5600F06C54 /* Detail */ = {
			isa = PBXGroup;
			children = (
				952A87ED292D196C003655F5 /* TaskDetailViewController.swift */,
				952A87EF292D1979003655F5 /* TaskDetailView.swift */,
			);
			path = Detail;
			sourceTree = "<group>";
		};
/* End PBXGroup section */

/* Begin PBXNativeTarget section */
		953CF862291EA89B00936429 /* Main */ = {
			isa = PBXNativeTarget;
			buildConfigurationList = 953CF87A291EA89D00936429 /* Build configuration list for PBXNativeTarget "Main" */;
			buildPhases = (
				953CF85F291EA89B00936429 /* Sources */,
				953CF860291EA89B00936429 /* Frameworks */,
				953CF861291EA89B00936429 /* Resources */,
			);
			buildRules = (
			);
			dependencies = (
			);
			name = Main;
			packageProductDependencies = (
				953CF88F291EC0D200936429 /* RxCocoa */,
				953CF891291EC0D200936429 /* RxRelay */,
				953CF893291EC0D200936429 /* RxSwift */,
				95F993AE291EDE7900F06C54 /* RxDataSources */,
				95F993B32920060C00F06C54 /* SnapKit */,
			);
			productName = TodoListApp;
			productReference = 953CF863291EA89B00936429 /* Main.app */;
			productType = "com.apple.product-type.application";
		};
/* End PBXNativeTarget section */

/* Begin PBXProject section */
		953CF85B291EA89B00936429 /* Project object */ = {
			isa = PBXProject;
			attributes = {
				BuildIndependentTargetsInParallel = 1;
				LastSwiftUpdateCheck = 1410;
				LastUpgradeCheck = 1410;
				TargetAttributes = {
					953CF862291EA89B00936429 = {
						CreatedOnToolsVersion = 14.1;
					};
				};
			};
			buildConfigurationList = 953CF85E291EA89B00936429 /* Build configuration list for PBXProject "TasksApp" */;
			compatibilityVersion = "Xcode 14.0";
			developmentRegion = en;
			hasScannedForEncodings = 0;
			knownRegions = (
				en,
				Base,
			);
			mainGroup = 953CF85A291EA89B00936429;
			packageReferences = (
				953CF88E291EC0D200936429 /* XCRemoteSwiftPackageReference "RxSwift" */,
				95F993AD291EDE7900F06C54 /* XCRemoteSwiftPackageReference "RxDataSources" */,
				95F993B22920060C00F06C54 /* XCRemoteSwiftPackageReference "SnapKit" */,
			);
			productRefGroup = 953CF864291EA89B00936429 /* Products */;
			projectDirPath = "";
			projectRoot = "";
			targets = (
				953CF862291EA89B00936429 /* Main */,
			);
		};
/* End PBXProject section */

/* Begin PBXResourcesBuildPhase section */
		953CF861291EA89B00936429 /* Resources */ = {
			isa = PBXResourcesBuildPhase;
			buildActionMask = 2147483647;
			files = (
				953CF876291EA89D00936429 /* LaunchScreen.storyboard in Resources */,
				953CF873291EA89D00936429 /* Assets.xcassets in Resources */,
			);
			runOnlyForDeploymentPostprocessing = 0;
		};
/* End PBXResourcesBuildPhase section */

/* Begin PBXSourcesBuildPhase section */
		953CF85F291EA89B00936429 /* Sources */ = {
			isa = PBXSourcesBuildPhase;
			buildActionMask = 2147483647;
			files = (
				952A87F0292D1979003655F5 /* TaskDetailView.swift in Sources */,
				953CF89A291EC40900936429 /* AppCoordinator.swift in Sources */,
				959390142926AAC900A5FB3E /* AddTaskView.swift in Sources */,
				95A621DD2927D1710013EA73 /* ErrorView.swift in Sources */,
				953CF884291EAD1E00936429 /* TaskListViewController.swift in Sources */,
				953CF887291EADA400936429 /* ViewCode.swift in Sources */,
				95A621D92927C6CE0013EA73 /* ApplicationErrors.swift in Sources */,
				952A87EE292D196C003655F5 /* TaskDetailViewController.swift in Sources */,
				95A621DB2927CCE30013EA73 /* TaskListViewModel.swift in Sources */,
				953CF88D291EBF6900936429 /* TaskListView.swift in Sources */,
				953CF867291EA89B00936429 /* AppDelegate.swift in Sources */,
				953CF898291EC2FC00936429 /* TaskCoordinator.swift in Sources */,
				952A87EC292BC3FB003655F5 /* AddTaskViewModel.swift in Sources */,
				953CF889291EBC7800936429 /* SceneViewController.swift in Sources */,
				95A621D62927BF930013EA73 /* Task.swift in Sources */,
				953CF89C291EC90200936429 /* TaskCell.swift in Sources */,
				95A621D32927BF400013EA73 /* TaskService.swift in Sources */,
				953CF88B291EBD2000936429 /* UIViewCode.swift in Sources */,
				953CF869291EA89B00936429 /* SceneDelegate.swift in Sources */,
				953CF871291EA89B00936429 /* TodoListApp.xcdatamodeld in Sources */,
				953CF896291EC2CC00936429 /* Coordinator.swift in Sources */,
				95A621DF2927D4200013EA73 /* ViewStates.swift in Sources */,
				959390122926AA9300A5FB3E /* AddTaskViewController.swift in Sources */,
			);
			runOnlyForDeploymentPostprocessing = 0;
		};
/* End PBXSourcesBuildPhase section */

/* Begin PBXVariantGroup section */
		953CF874291EA89D00936429 /* LaunchScreen.storyboard */ = {
			isa = PBXVariantGroup;
			children = (
				953CF875291EA89D00936429 /* Base */,
			);
			name = LaunchScreen.storyboard;
			sourceTree = "<group>";
		};
/* End PBXVariantGroup section */

/* Begin XCBuildConfiguration section */
		953CF878291EA89D00936429 /* Debug */ = {
			isa = XCBuildConfiguration;
			buildSettings = {
				ALWAYS_SEARCH_USER_PATHS = NO;
				CLANG_ANALYZER_NONNULL = YES;
				CLANG_ANALYZER_NUMBER_OBJECT_CONVERSION = YES_AGGRESSIVE;
				CLANG_CXX_LANGUAGE_STANDARD = "gnu++20";
				CLANG_ENABLE_MODULES = YES;
				CLANG_ENABLE_OBJC_ARC = YES;
				CLANG_ENABLE_OBJC_WEAK = YES;
				CLANG_WARN_BLOCK_CAPTURE_AUTORELEASING = YES;
				CLANG_WARN_BOOL_CONVERSION = YES;
				CLANG_WARN_COMMA = YES;
				CLANG_WARN_CONSTANT_CONVERSION = YES;
				CLANG_WARN_DEPRECATED_OBJC_IMPLEMENTATIONS = YES;
				CLANG_WARN_DIRECT_OBJC_ISA_USAGE = YES_ERROR;
				CLANG_WARN_DOCUMENTATION_COMMENTS = YES;
				CLANG_WARN_EMPTY_BODY = YES;
				CLANG_WARN_ENUM_CONVERSION = YES;
				CLANG_WARN_INFINITE_RECURSION = YES;
				CLANG_WARN_INT_CONVERSION = YES;
				CLANG_WARN_NON_LITERAL_NULL_CONVERSION = YES;
				CLANG_WARN_OBJC_IMPLICIT_RETAIN_SELF = YES;
				CLANG_WARN_OBJC_LITERAL_CONVERSION = YES;
				CLANG_WARN_OBJC_ROOT_CLASS = YES_ERROR;
				CLANG_WARN_QUOTED_INCLUDE_IN_FRAMEWORK_HEADER = YES;
				CLANG_WARN_RANGE_LOOP_ANALYSIS = YES;
				CLANG_WARN_STRICT_PROTOTYPES = YES;
				CLANG_WARN_SUSPICIOUS_MOVE = YES;
				CLANG_WARN_UNGUARDED_AVAILABILITY = YES_AGGRESSIVE;
				CLANG_WARN_UNREACHABLE_CODE = YES;
				CLANG_WARN__DUPLICATE_METHOD_MATCH = YES;
				COPY_PHASE_STRIP = NO;
				DEBUG_INFORMATION_FORMAT = dwarf;
				ENABLE_STRICT_OBJC_MSGSEND = YES;
				ENABLE_TESTABILITY = YES;
				GCC_C_LANGUAGE_STANDARD = gnu11;
				GCC_DYNAMIC_NO_PIC = NO;
				GCC_NO_COMMON_BLOCKS = YES;
				GCC_OPTIMIZATION_LEVEL = 0;
				GCC_PREPROCESSOR_DEFINITIONS = (
					"DEBUG=1",
					"$(inherited)",
				);
				GCC_WARN_64_TO_32_BIT_CONVERSION = YES;
				GCC_WARN_ABOUT_RETURN_TYPE = YES_ERROR;
				GCC_WARN_UNDECLARED_SELECTOR = YES;
				GCC_WARN_UNINITIALIZED_AUTOS = YES_AGGRESSIVE;
				GCC_WARN_UNUSED_FUNCTION = YES;
				GCC_WARN_UNUSED_VARIABLE = YES;
				IPHONEOS_DEPLOYMENT_TARGET = 16.1;
				MTL_ENABLE_DEBUG_INFO = INCLUDE_SOURCE;
				MTL_FAST_MATH = YES;
				ONLY_ACTIVE_ARCH = YES;
				SDKROOT = iphoneos;
				SWIFT_ACTIVE_COMPILATION_CONDITIONS = DEBUG;
				SWIFT_OPTIMIZATION_LEVEL = "-Onone";
			};
			name = Debug;
		};
		953CF879291EA89D00936429 /* Release */ = {
			isa = XCBuildConfiguration;
			buildSettings = {
				ALWAYS_SEARCH_USER_PATHS = NO;
				CLANG_ANALYZER_NONNULL = YES;
				CLANG_ANALYZER_NUMBER_OBJECT_CONVERSION = YES_AGGRESSIVE;
				CLANG_CXX_LANGUAGE_STANDARD = "gnu++20";
				CLANG_ENABLE_MODULES = YES;
				CLANG_ENABLE_OBJC_ARC = YES;
				CLANG_ENABLE_OBJC_WEAK = YES;
				CLANG_WARN_BLOCK_CAPTURE_AUTORELEASING = YES;
				CLANG_WARN_BOOL_CONVERSION = YES;
				CLANG_WARN_COMMA = YES;
				CLANG_WARN_CONSTANT_CONVERSION = YES;
				CLANG_WARN_DEPRECATED_OBJC_IMPLEMENTATIONS = YES;
				CLANG_WARN_DIRECT_OBJC_ISA_USAGE = YES_ERROR;
				CLANG_WARN_DOCUMENTATION_COMMENTS = YES;
				CLANG_WARN_EMPTY_BODY = YES;
				CLANG_WARN_ENUM_CONVERSION = YES;
				CLANG_WARN_INFINITE_RECURSION = YES;
				CLANG_WARN_INT_CONVERSION = YES;
				CLANG_WARN_NON_LITERAL_NULL_CONVERSION = YES;
				CLANG_WARN_OBJC_IMPLICIT_RETAIN_SELF = YES;
				CLANG_WARN_OBJC_LITERAL_CONVERSION = YES;
				CLANG_WARN_OBJC_ROOT_CLASS = YES_ERROR;
				CLANG_WARN_QUOTED_INCLUDE_IN_FRAMEWORK_HEADER = YES;
				CLANG_WARN_RANGE_LOOP_ANALYSIS = YES;
				CLANG_WARN_STRICT_PROTOTYPES = YES;
				CLANG_WARN_SUSPICIOUS_MOVE = YES;
				CLANG_WARN_UNGUARDED_AVAILABILITY = YES_AGGRESSIVE;
				CLANG_WARN_UNREACHABLE_CODE = YES;
				CLANG_WARN__DUPLICATE_METHOD_MATCH = YES;
				COPY_PHASE_STRIP = NO;
				DEBUG_INFORMATION_FORMAT = "dwarf-with-dsym";
				ENABLE_NS_ASSERTIONS = NO;
				ENABLE_STRICT_OBJC_MSGSEND = YES;
				GCC_C_LANGUAGE_STANDARD = gnu11;
				GCC_NO_COMMON_BLOCKS = YES;
				GCC_WARN_64_TO_32_BIT_CONVERSION = YES;
				GCC_WARN_ABOUT_RETURN_TYPE = YES_ERROR;
				GCC_WARN_UNDECLARED_SELECTOR = YES;
				GCC_WARN_UNINITIALIZED_AUTOS = YES_AGGRESSIVE;
				GCC_WARN_UNUSED_FUNCTION = YES;
				GCC_WARN_UNUSED_VARIABLE = YES;
				IPHONEOS_DEPLOYMENT_TARGET = 16.1;
				MTL_ENABLE_DEBUG_INFO = NO;
				MTL_FAST_MATH = YES;
				SDKROOT = iphoneos;
				SWIFT_COMPILATION_MODE = wholemodule;
				SWIFT_OPTIMIZATION_LEVEL = "-O";
				VALIDATE_PRODUCT = YES;
			};
			name = Release;
		};
		953CF87B291EA89D00936429 /* Debug */ = {
			isa = XCBuildConfiguration;
			buildSettings = {
				ASSETCATALOG_COMPILER_APPICON_NAME = AppIcon;
				ASSETCATALOG_COMPILER_GLOBAL_ACCENT_COLOR_NAME = AccentColor;
				CODE_SIGN_STYLE = Automatic;
				CURRENT_PROJECT_VERSION = 1;
				DEVELOPMENT_TEAM = D2K3SYJK3G;
				GENERATE_INFOPLIST_FILE = YES;
				INFOPLIST_FILE = Main/Info.plist;
				INFOPLIST_KEY_UIApplicationSupportsIndirectInputEvents = YES;
				INFOPLIST_KEY_UILaunchStoryboardName = LaunchScreen;
				INFOPLIST_KEY_UISupportedInterfaceOrientations_iPad = "UIInterfaceOrientationPortrait UIInterfaceOrientationPortraitUpsideDown UIInterfaceOrientationLandscapeLeft UIInterfaceOrientationLandscapeRight";
				INFOPLIST_KEY_UISupportedInterfaceOrientations_iPhone = "UIInterfaceOrientationPortrait UIInterfaceOrientationLandscapeLeft UIInterfaceOrientationLandscapeRight";
				LD_RUNPATH_SEARCH_PATHS = (
					"$(inherited)",
					"@executable_path/Frameworks",
				);
				MARKETING_VERSION = 1.0;
				PRODUCT_BUNDLE_IDENTIFIER = ribas.daniel.TodoListApp;
				PRODUCT_NAME = "$(TARGET_NAME)";
				SWIFT_EMIT_LOC_STRINGS = YES;
				SWIFT_VERSION = 5.0;
				TARGETED_DEVICE_FAMILY = "1,2";
			};
			name = Debug;
		};
		953CF87C291EA89D00936429 /* Release */ = {
			isa = XCBuildConfiguration;
			buildSettings = {
				ASSETCATALOG_COMPILER_APPICON_NAME = AppIcon;
				ASSETCATALOG_COMPILER_GLOBAL_ACCENT_COLOR_NAME = AccentColor;
				CODE_SIGN_STYLE = Automatic;
				CURRENT_PROJECT_VERSION = 1;
				DEVELOPMENT_TEAM = D2K3SYJK3G;
				GENERATE_INFOPLIST_FILE = YES;
				INFOPLIST_FILE = Main/Info.plist;
				INFOPLIST_KEY_UIApplicationSupportsIndirectInputEvents = YES;
				INFOPLIST_KEY_UILaunchStoryboardName = LaunchScreen;
				INFOPLIST_KEY_UISupportedInterfaceOrientations_iPad = "UIInterfaceOrientationPortrait UIInterfaceOrientationPortraitUpsideDown UIInterfaceOrientationLandscapeLeft UIInterfaceOrientationLandscapeRight";
				INFOPLIST_KEY_UISupportedInterfaceOrientations_iPhone = "UIInterfaceOrientationPortrait UIInterfaceOrientationLandscapeLeft UIInterfaceOrientationLandscapeRight";
				LD_RUNPATH_SEARCH_PATHS = (
					"$(inherited)",
					"@executable_path/Frameworks",
				);
				MARKETING_VERSION = 1.0;
				PRODUCT_BUNDLE_IDENTIFIER = ribas.daniel.TodoListApp;
				PRODUCT_NAME = "$(TARGET_NAME)";
				SWIFT_EMIT_LOC_STRINGS = YES;
				SWIFT_VERSION = 5.0;
				TARGETED_DEVICE_FAMILY = "1,2";
			};
			name = Release;
		};
/* End XCBuildConfiguration section */

/* Begin XCConfigurationList section */
		953CF85E291EA89B00936429 /* Build configuration list for PBXProject "TasksApp" */ = {
			isa = XCConfigurationList;
			buildConfigurations = (
				953CF878291EA89D00936429 /* Debug */,
				953CF879291EA89D00936429 /* Release */,
			);
			defaultConfigurationIsVisible = 0;
			defaultConfigurationName = Release;
		};
		953CF87A291EA89D00936429 /* Build configuration list for PBXNativeTarget "Main" */ = {
			isa = XCConfigurationList;
			buildConfigurations = (
				953CF87B291EA89D00936429 /* Debug */,
				953CF87C291EA89D00936429 /* Release */,
			);
			defaultConfigurationIsVisible = 0;
			defaultConfigurationName = Release;
		};
/* End XCConfigurationList section */

/* Begin XCRemoteSwiftPackageReference section */
		953CF88E291EC0D200936429 /* XCRemoteSwiftPackageReference "RxSwift" */ = {
			isa = XCRemoteSwiftPackageReference;
			repositoryURL = "https://github.com/ReactiveX/RxSwift";
			requirement = {
				kind = upToNextMajorVersion;
				minimumVersion = 6.0.0;
			};
		};
		95F993AD291EDE7900F06C54 /* XCRemoteSwiftPackageReference "RxDataSources" */ = {
			isa = XCRemoteSwiftPackageReference;
			repositoryURL = "https://github.com/RxSwiftCommunity/RxDataSources";
			requirement = {
				kind = upToNextMajorVersion;
				minimumVersion = 5.0.0;
			};
		};
		95F993B22920060C00F06C54 /* XCRemoteSwiftPackageReference "SnapKit" */ = {
			isa = XCRemoteSwiftPackageReference;
			repositoryURL = "https://github.com/SnapKit/SnapKit";
			requirement = {
				kind = upToNextMajorVersion;
				minimumVersion = 5.0.0;
			};
		};
/* End XCRemoteSwiftPackageReference section */

/* Begin XCSwiftPackageProductDependency section */
		953CF88F291EC0D200936429 /* RxCocoa */ = {
			isa = XCSwiftPackageProductDependency;
			package = 953CF88E291EC0D200936429 /* XCRemoteSwiftPackageReference "RxSwift" */;
			productName = RxCocoa;
		};
		953CF891291EC0D200936429 /* RxRelay */ = {
			isa = XCSwiftPackageProductDependency;
			package = 953CF88E291EC0D200936429 /* XCRemoteSwiftPackageReference "RxSwift" */;
			productName = RxRelay;
		};
		953CF893291EC0D200936429 /* RxSwift */ = {
			isa = XCSwiftPackageProductDependency;
			package = 953CF88E291EC0D200936429 /* XCRemoteSwiftPackageReference "RxSwift" */;
			productName = RxSwift;
		};
		95F993AE291EDE7900F06C54 /* RxDataSources */ = {
			isa = XCSwiftPackageProductDependency;
			package = 95F993AD291EDE7900F06C54 /* XCRemoteSwiftPackageReference "RxDataSources" */;
			productName = RxDataSources;
		};
		95F993B32920060C00F06C54 /* SnapKit */ = {
			isa = XCSwiftPackageProductDependency;
			package = 95F993B22920060C00F06C54 /* XCRemoteSwiftPackageReference "SnapKit" */;
			productName = SnapKit;
		};
/* End XCSwiftPackageProductDependency section */

/* Begin XCVersionGroup section */
		953CF86F291EA89B00936429 /* TodoListApp.xcdatamodeld */ = {
			isa = XCVersionGroup;
			children = (
				953CF870291EA89B00936429 /* TodoListApp.xcdatamodel */,
			);
			currentVersion = 953CF870291EA89B00936429 /* TodoListApp.xcdatamodel */;
			path = TodoListApp.xcdatamodeld;
			sourceTree = "<group>";
			versionGroupType = wrapper.xcdatamodel;
		};
/* End XCVersionGroup section */
	};
	rootObject = 953CF85B291EA89B00936429 /* Project object */;
}
